# THIS IS AN AUTOGENERATED FILE. DO NOT EDIT THIS FILE DIRECTLY.
# yarn lockfile v1


turbo@^1.0.4:
  version "1.0.4"
  resolved "https://registry.yarnpkg.com/turbo/-/turbo-1.0.4.tgz#6a6835b426658fb9840edc4b5de3f63e1fd19712"
  integrity sha512-lPT/DNI7FiD+BBAjugyL5A24PA9g2DmLaErUCz6bGHfIlzPg1pawlX8GbZUCeCHA/DX/gCP8VP0BxGKb71c1Jw==
  dependencies:
    zlib "^1.0.5"

zlib@^1.0.5:
  version "1.0.5"
  resolved "https://registry.yarnpkg.com/zlib/-/zlib-1.0.5.tgz#6e7c972fc371c645a6afb03ab14769def114fcc0"
  integrity sha1-bnyXL8NxxkWmr7A6sUdp3vEU/MA=
